{
  "name": "my-profile",
  "version": "1.0.0",
  "lockfileVersion": 1,
  "requires": true,
  "dependencies": {
    "@aws-cdk/aws-events": {
      "version": "1.121.0",
      "resolved": "https://registry.npmjs.org/@aws-cdk/aws-events/-/aws-events-1.121.0.tgz",
      "integrity": "sha512-ts8X9s0Y/kXAdE5dFluXdYDlm+5519dn87NsJ4YHc7/hngOmgnxzXWaMgaKpwT2jdizFKO0plD8r0UAzSqP8vA==",
      "requires": {
        "@aws-cdk/aws-iam": "1.121.0",
        "@aws-cdk/core": "1.121.0",
        "constructs": "^3.3.69"
      }
    },
    "@aws-cdk/aws-iam": {
      "version": "1.121.0",
      "resolved": "https://registry.npmjs.org/@aws-cdk/aws-iam/-/aws-iam-1.121.0.tgz",
      "integrity": "sha512-a5zxk0LATHAT8mlEF9ZahR3uJpCqgJRj0NHbAcKsN7N3XBVLwCeKjY6TYeJFZi4LLa96XkaLY99QCZym7r5gNQ==",
      "requires": {
        "@aws-cdk/core": "1.121.0",
        "@aws-cdk/region-info": "1.121.0",
        "constructs": "^3.3.69"
      }
    },
    "@aws-cdk/aws-kms": {
      "version": "1.121.0",
      "resolved": "https://registry.npmjs.org/@aws-cdk/aws-kms/-/aws-kms-1.121.0.tgz",
      "integrity": "sha512-kqz0HeC6q2di9zDSpNAtpAw6XpQs0cQ9YYzygD9Rx8LCpzpuLABAE7CeRetA7Q7VMJ44sAAlV4OMtpeB6c7iEw==",
      "requires": {
        "@aws-cdk/aws-iam": "1.121.0",
        "@aws-cdk/core": "1.121.0",
        "@aws-cdk/cx-api": "1.121.0",
        "constructs": "^3.3.69"
      }
    },
    "@aws-cdk/aws-s3": {
      "version": "1.121.0",
      "resolved": "https://registry.npmjs.org/@aws-cdk/aws-s3/-/aws-s3-1.121.0.tgz",
      "integrity": "sha512-9yqLLYlPQQri5pgMi1lMREGlVO2JC5pOlJZzm4bE7ED2hrE1QnXEm9fWVNmXcTBZnporBwUjyFngmQ56Diwjdw==",
      "requires": {
        "@aws-cdk/aws-events": "1.121.0",
        "@aws-cdk/aws-iam": "1.121.0",
        "@aws-cdk/aws-kms": "1.121.0",
        "@aws-cdk/core": "1.121.0",
        "@aws-cdk/cx-api": "1.121.0",
        "constructs": "^3.3.69"
      }
    },
    "@aws-cdk/cloud-assembly-schema": {
      "version": "1.121.0",
      "resolved": "https://registry.npmjs.org/@aws-cdk/cloud-assembly-schema/-/cloud-assembly-schema-1.121.0.tgz",
      "integrity": "sha512-q0tcCUFNp/JBGMx4I1JxrtcPSr/ItenGkzSTdAezWApb0b5caAdPQCIAURZe4u7ZASRqdMTb20Lr3s3D7HK7OA==",
      "requires": {
        "jsonschema": "^1.4.0",
        "semver": "^7.3.5"
      },
      "dependencies": {
        "jsonschema": {
          "version": "1.4.0",
          "bundled": true
        },
        "lru-cache": {
          "version": "6.0.0",
          "bundled": true,
          "requires": {
            "yallist": "^4.0.0"
          }
        },
        "semver": {
          "version": "7.3.5",
          "bundled": true,
          "requires": {
            "lru-cache": "^6.0.0"
          }
        },
        "yallist": {
          "version": "4.0.0",
          "bundled": true
        }
      }
    },
    "@aws-cdk/core": {
      "version": "1.121.0",
      "resolved": "https://registry.npmjs.org/@aws-cdk/core/-/core-1.121.0.tgz",
      "integrity": "sha512-TLtDj2t507pv3GrNyosJx24QoJD2NMuvRE8urxLOmoqjANHcl1f21B8kYpcNgH8QGKJDu53xCcVihmXIPPtMvA==",
      "requires": {
        "@aws-cdk/cloud-assembly-schema": "1.121.0",
        "@aws-cdk/cx-api": "1.121.0",
        "@aws-cdk/region-info": "1.121.0",
        "@balena/dockerignore": "^1.0.2",
        "constructs": "^3.3.69",
        "fs-extra": "^9.1.0",
        "ignore": "^5.1.8",
        "minimatch": "^3.0.4"
      },
      "dependencies": {
        "@balena/dockerignore": {
          "version": "1.0.2",
          "bundled": true
        },
        "at-least-node": {
          "version": "1.0.0",
          "bundled": true
        },
        "balanced-match": {
          "version": "1.0.2",
          "bundled": true
        },
        "brace-expansion": {
          "version": "1.1.11",
          "bundled": true,
          "requires": {
            "balanced-match": "^1.0.0",
            "concat-map": "0.0.1"
          }
        },
        "concat-map": {
          "version": "0.0.1",
          "bundled": true
        },
        "fs-extra": {
          "version": "9.1.0",
          "bundled": true,
          "requires": {
            "at-least-node": "^1.0.0",
            "graceful-fs": "^4.2.0",
            "jsonfile": "^6.0.1",
            "universalify": "^2.0.0"
          }
        },
        "graceful-fs": {
          "version": "4.2.6",
          "bundled": true
        },
        "ignore": {
          "version": "5.1.8",
          "bundled": true
        },
        "jsonfile": {
          "version": "6.1.0",
          "bundled": true,
          "requires": {
            "graceful-fs": "^4.1.6",
            "universalify": "^2.0.0"
          }
        },
        "minimatch": {
          "version": "3.0.4",
          "bundled": true,
          "requires": {
            "brace-expansion": "^1.1.7"
          }
        },
        "universalify": {
          "version": "2.0.0",
          "bundled": true
        }
      }
    },
    "@aws-cdk/cx-api": {
      "version": "1.121.0",
      "resolved": "https://registry.npmjs.org/@aws-cdk/cx-api/-/cx-api-1.121.0.tgz",
      "integrity": "sha512-qPI4xFF/tNY9SjBwbrLMcCShLiUm5JELGPkIKgjSAaeL8Hy/0o1zHwiSaAOS9VCVfg5JwvGSqgdZUt5qjxfx3A==",
      "requires": {
        "@aws-cdk/cloud-assembly-schema": "1.121.0",
        "semver": "^7.3.5"
      },
      "dependencies": {
        "lru-cache": {
          "version": "6.0.0",
          "bundled": true,
          "requires": {
            "yallist": "^4.0.0"
          }
        },
        "semver": {
          "version": "7.3.5",
          "bundled": true,
          "requires": {
            "lru-cache": "^6.0.0"
          }
        },
        "yallist": {
          "version": "4.0.0",
          "bundled": true
        }
      }
    },
    "@aws-cdk/region-info": {
      "version": "1.121.0",
      "resolved": "https://registry.npmjs.org/@aws-cdk/region-info/-/region-info-1.121.0.tgz",
      "integrity": "sha512-yls/qfysAOhgrHseM7rtqV7eIffS9XNPOBv5xjfDTNvY/cpheDUMq6s47UIdTP5lYv1lJToYKGe7qTVxunpjPg=="
    },
    "constructs": {
      "version": "3.3.141",
      "resolved": "https://registry.npmjs.org/constructs/-/constructs-3.3.141.tgz",
      "integrity": "sha512-oF/p2mwF4t2O88cChehKih1h3v6Ir3/8KeP/xtMi52p+hFOQL2jToll5ssLjN/6aemw9WuTzF2il9JcB4xaLCQ=="
    }
  }
}
